
Microsoft Visual Studio Solution File, Format Version 12.00
# Visual Studio 15
VisualStudioVersion = 15.0.28010.2036
MinimumVisualStudioVersion = 10.0.40219.1
Project("{FAE04EC0-301F-11D3-BF4B-00C04F79EFBC}") = "Task3", "Lesson-3\Task3.csproj", "{2009A21E-491E-48A2-B000-177BC4588D01}"
EndProject
Project("{FAE04EC0-301F-11D3-BF4B-00C04F79EFBC}") = "Task2", "Task2\Task2.csproj", "{F09BD615-8DF4-49EA-942E-40C313E6B1D6}"
EndProject
Project("{FAE04EC0-301F-11D3-BF4B-00C04F79EFBC}") = "Task1", "Task1\Task1.csproj", "{2C2A9662-8372-41DC-91CE-593B6F84BA05}"
EndProject
Global
	GlobalSection(SolutionConfigurationPlatforms) = preSolution
		Debug|Any CPU = Debug|Any CPU
		Release|Any CPU = Release|Any CPU
	EndGlobalSection
	GlobalSection(ProjectConfigurationPlatforms) = postSolution
		{2009A21E-491E-48A2-B000-177BC4588D01}.Debug|Any CPU.ActiveCfg = Debug|Any CPU
		{2009A21E-491E-48A2-B000-177BC4588D01}.Debug|Any CPU.Build.0 = Debug|Any CPU
		{2009A21E-491E-48A2-B000-177BC4588D01}.Release|Any CPU.ActiveCfg = Release|Any CPU
		{2009A21E-491E-48A2-B000-177BC4588D01}.Release|Any CPU.Build.0 = Release|Any CPU
		{F09BD615-8DF4-49EA-942E-40C313E6B1D6}.Debug|Any CPU.ActiveCfg = Debug|Any CPU
		{F09BD615-8DF4-49EA-942E-40C313E6B1D6}.Debug|Any CPU.Build.0 = Debug|Any CPU
		{F09BD615-8DF4-49EA-942E-40C313E6B1D6}.Release|Any CPU.ActiveCfg = Release|Any CPU
		{F09BD615-8DF4-49EA-942E-40C313E6B1D6}.Release|Any CPU.Build.0 = Release|Any CPU
		{2C2A9662-8372-41DC-91CE-593B6F84BA05}.Debug|Any CPU.ActiveCfg = Debug|Any CPU
		{2C2A9662-8372-41DC-91CE-593B6F84BA05}.Debug|Any CPU.Build.0 = Debug|Any CPU
		{2C2A9662-8372-41DC-91CE-593B6F84BA05}.Release|Any CPU.ActiveCfg = Release|Any CPU
		{2C2A9662-8372-41DC-91CE-593B6F84BA05}.Release|Any CPU.Build.0 = Release|Any CPU
	EndGlobalSection
	GlobalSection(SolutionProperties) = preSolution
		HideSolutionNode = FALSE
	EndGlobalSection
	GlobalSection(ExtensibilityGlobals) = postSolution
		SolutionGuid = {27CEA9C1-BDEF-4EC8-B3B6-931429FC253B}
	EndGlobalSection
EndGlobal
